// !$*UTF8*$!
{
	archiveVersion = 1;
	classes = {
	};
	objectVersion = 56;
	objects = {

/* Begin PBXBuildFile section */
		6E3CFA632D3A187B00C7FF87 /* CreditScoreViewModel.swift in Sources */ = {isa = PBXBuildFile; fileRef = 6E3CFA622D3A187B00C7FF87 /* CreditScoreViewModel.swift */; };
		6E4E51412D39B1A70071A310 /* FinanceAppApp.swift in Sources */ = {isa = PBXBuildFile; fileRef = 6E4E51402D39B1A70071A310 /* FinanceAppApp.swift */; };
		6E4E51432D39B1A70071A310 /* ContentView.swift in Sources */ = {isa = PBXBuildFile; fileRef = 6E4E51422D39B1A70071A310 /* ContentView.swift */; };
		6E4E51452D39B1AE0071A310 /* Assets.xcassets in Resources */ = {isa = PBXBuildFile; fileRef = 6E4E51442D39B1AE0071A310 /* Assets.xcassets */; };
		6E4E51492D39B1AE0071A310 /* Preview Assets.xcassets in Resources */ = {isa = PBXBuildFile; fileRef = 6E4E51482D39B1AE0071A310 /* Preview Assets.xcassets */; };
		6E9205A72D3B66A6009371B0 /* DashboardWidget.swift in Sources */ = {isa = PBXBuildFile; fileRef = 6E9205A62D3B66A6009371B0 /* DashboardWidget.swift */; };
		6E9205A92D3B6CED009371B0 /* CreditScoreWidgetView.swift in Sources */ = {isa = PBXBuildFile; fileRef = 6E9205A82D3B6CED009371B0 /* CreditScoreWidgetView.swift */; };
		6E9205AC2D3B8139009371B0 /* SemicircleShape.swift in Sources */ = {isa = PBXBuildFile; fileRef = 6E9205AB2D3B8139009371B0 /* SemicircleShape.swift */; };
		6E9DC58F2D3A0EE5002623C6 /* CreditScoreView.swift in Sources */ = {isa = PBXBuildFile; fileRef = 6E9DC58E2D3A0EE5002623C6 /* CreditScoreView.swift */; };
		6E9FD3CE2D3A62DA008994D3 /* CreditScore.swift in Sources */ = {isa = PBXBuildFile; fileRef = 6E9FD3CD2D3A62DA008994D3 /* CreditScore.swift */; };
		6E9FD3D22D3A6372008994D3 /* CreditScoreCalculator.swift in Sources */ = {isa = PBXBuildFile; fileRef = 6E9FD3D12D3A6372008994D3 /* CreditScoreCalculator.swift */; };
		6EC725D62D3A894D00D780C1 /* SidebarItem.swift in Sources */ = {isa = PBXBuildFile; fileRef = 6EC725D52D3A894D00D780C1 /* SidebarItem.swift */; };
		6EC725D82D3A8D9300D780C1 /* HomeView.swift in Sources */ = {isa = PBXBuildFile; fileRef = 6EC725D72D3A8D9300D780C1 /* HomeView.swift */; };
/* End PBXBuildFile section */

/* Begin PBXFileReference section */
		6E3CFA622D3A187B00C7FF87 /* CreditScoreViewModel.swift */ = {isa = PBXFileReference; lastKnownFileType = sourcecode.swift; path = CreditScoreViewModel.swift; sourceTree = "<group>"; };
		6E4E513D2D39B1A70071A310 /* FinanceApp.app */ = {isa = PBXFileReference; explicitFileType = wrapper.application; includeInIndex = 0; path = FinanceApp.app; sourceTree = BUILT_PRODUCTS_DIR; };
		6E4E51402D39B1A70071A310 /* FinanceAppApp.swift */ = {isa = PBXFileReference; lastKnownFileType = sourcecode.swift; path = FinanceAppApp.swift; sourceTree = "<group>"; };
		6E4E51422D39B1A70071A310 /* ContentView.swift */ = {isa = PBXFileReference; lastKnownFileType = sourcecode.swift; path = ContentView.swift; sourceTree = "<group>"; };
		6E4E51442D39B1AE0071A310 /* Assets.xcassets */ = {isa = PBXFileReference; lastKnownFileType = folder.assetcatalog; path = Assets.xcassets; sourceTree = "<group>"; };
		6E4E51462D39B1AE0071A310 /* FinanceApp.entitlements */ = {isa = PBXFileReference; lastKnownFileType = text.plist.entitlements; path = FinanceApp.entitlements; sourceTree = "<group>"; };
		6E4E51482D39B1AE0071A310 /* Preview Assets.xcassets */ = {isa = PBXFileReference; lastKnownFileType = folder.assetcatalog; path = "Preview Assets.xcassets"; sourceTree = "<group>"; };
		6E9205A62D3B66A6009371B0 /* DashboardWidget.swift */ = {isa = PBXFileReference; lastKnownFileType = sourcecode.swift; path = DashboardWidget.swift; sourceTree = "<group>"; };
		6E9205A82D3B6CED009371B0 /* CreditScoreWidgetView.swift */ = {isa = PBXFileReference; lastKnownFileType = sourcecode.swift; path = CreditScoreWidgetView.swift; sourceTree = "<group>"; };
		6E9205AB2D3B8139009371B0 /* SemicircleShape.swift */ = {isa = PBXFileReference; lastKnownFileType = sourcecode.swift; path = SemicircleShape.swift; sourceTree = "<group>"; };
		6E9DC58E2D3A0EE5002623C6 /* CreditScoreView.swift */ = {isa = PBXFileReference; lastKnownFileType = sourcecode.swift; path = CreditScoreView.swift; sourceTree = "<group>"; };
		6E9FD3CD2D3A62DA008994D3 /* CreditScore.swift */ = {isa = PBXFileReference; lastKnownFileType = sourcecode.swift; path = CreditScore.swift; sourceTree = "<group>"; };
		6E9FD3D12D3A6372008994D3 /* CreditScoreCalculator.swift */ = {isa = PBXFileReference; lastKnownFileType = sourcecode.swift; path = CreditScoreCalculator.swift; sourceTree = "<group>"; };
		6EC725D52D3A894D00D780C1 /* SidebarItem.swift */ = {isa = PBXFileReference; lastKnownFileType = sourcecode.swift; path = SidebarItem.swift; sourceTree = "<group>"; };
		6EC725D72D3A8D9300D780C1 /* HomeView.swift */ = {isa = PBXFileReference; lastKnownFileType = sourcecode.swift; path = HomeView.swift; sourceTree = "<group>"; };
/* End PBXFileReference section */

/* Begin PBXFrameworksBuildPhase section */
		6E4E513A2D39B1A70071A310 /* Frameworks */ = {
			isa = PBXFrameworksBuildPhase;
			buildActionMask = 2147483647;
			files = (
			);
			runOnlyForDeploymentPostprocessing = 0;
		};
/* End PBXFrameworksBuildPhase section */

/* Begin PBXGroup section */
		6E3CFA612D3A183000C7FF87 /* ViewModels */ = {
			isa = PBXGroup;
			children = (
				6E9205A52D3B62C7009371B0 /* Dashboard */,
				6E3CFA622D3A187B00C7FF87 /* CreditScoreViewModel.swift */,
			);
			path = ViewModels;
			sourceTree = "<group>";
		};
		6E4E51342D39B1A70071A310 = {
			isa = PBXGroup;
			children = (
				6E4E513F2D39B1A70071A310 /* FinanceApp */,
				6E4E513E2D39B1A70071A310 /* Products */,
			);
			sourceTree = "<group>";
		};
		6E4E513E2D39B1A70071A310 /* Products */ = {
			isa = PBXGroup;
			children = (
				6E4E513D2D39B1A70071A310 /* FinanceApp.app */,
			);
			name = Products;
			sourceTree = "<group>";
		};
		6E4E513F2D39B1A70071A310 /* FinanceApp */ = {
			isa = PBXGroup;
			children = (
				6E9FD3CF2D3A62FD008994D3 /* Services */,
				6E9FD3CC2D3A629B008994D3 /* Models */,
				6E3CFA612D3A183000C7FF87 /* ViewModels */,
				6E9DC58C2D3A0E65002623C6 /* Views */,
				6E4E51402D39B1A70071A310 /* FinanceAppApp.swift */,
				6E4E51422D39B1A70071A310 /* ContentView.swift */,
				6E4E51442D39B1AE0071A310 /* Assets.xcassets */,
				6E4E51462D39B1AE0071A310 /* FinanceApp.entitlements */,
				6E4E51472D39B1AE0071A310 /* Preview Content */,
			);
			path = FinanceApp;
			sourceTree = "<group>";
		};
		6E4E51472D39B1AE0071A310 /* Preview Content */ = {
			isa = PBXGroup;
			children = (
				6E4E51482D39B1AE0071A310 /* Preview Assets.xcassets */,
			);
			path = "Preview Content";
			sourceTree = "<group>";
		};
		6E9205A52D3B62C7009371B0 /* Dashboard */ = {
			isa = PBXGroup;
			children = (
			);
			path = Dashboard;
			sourceTree = "<group>";
		};
		6E9205AA2D3B8088009371B0 /* Shared */ = {
			isa = PBXGroup;
			children = (
				6E9205AB2D3B8139009371B0 /* SemicircleShape.swift */,
			);
			path = Shared;
			sourceTree = "<group>";
		};
		6E9DC58C2D3A0E65002623C6 /* Views */ = {
			isa = PBXGroup;
			children = (
				6E9DC58D2D3A0E98002623C6 /* CreditScore */,
				6EC725D32D3A84EC00D780C1 /* Dashboard */,
				6EC725D42D3A88FE00D780C1 /* Navigation */,
				6E9205AA2D3B8088009371B0 /* Shared */,
			);
			path = Views;
			sourceTree = "<group>";
		};
		6E9DC58D2D3A0E98002623C6 /* CreditScore */ = {
			isa = PBXGroup;
			children = (
				6E9DC58E2D3A0EE5002623C6 /* CreditScoreView.swift */,
				6E9205A82D3B6CED009371B0 /* CreditScoreWidgetView.swift */,
			);
			path = CreditScore;
			sourceTree = "<group>";
		};
		6E9FD3CC2D3A629B008994D3 /* Models */ = {
			isa = PBXGroup;
			children = (
				6E9FD3CD2D3A62DA008994D3 /* CreditScore.swift */,
				6E9205A62D3B66A6009371B0 /* DashboardWidget.swift */,
			);
			path = Models;
			sourceTree = "<group>";
		};
		6E9FD3CF2D3A62FD008994D3 /* Services */ = {
			isa = PBXGroup;
			children = (
				6E9FD3D02D3A6332008994D3 /* FinancialLogic */,
			);
			path = Services;
			sourceTree = "<group>";
		};
		6E9FD3D02D3A6332008994D3 /* FinancialLogic */ = {
			isa = PBXGroup;
			children = (
				6E9FD3D12D3A6372008994D3 /* CreditScoreCalculator.swift */,
			);
			path = FinancialLogic;
			sourceTree = "<group>";
		};
		6EC725D32D3A84EC00D780C1 /* Dashboard */ = {
			isa = PBXGroup;
			children = (
				6EC725D72D3A8D9300D780C1 /* HomeView.swift */,
			);
			path = Dashboard;
			sourceTree = "<group>";
		};
		6EC725D42D3A88FE00D780C1 /* Navigation */ = {
			isa = PBXGroup;
			children = (
				6EC725D52D3A894D00D780C1 /* SidebarItem.swift */,
			);
			path = Navigation;
			sourceTree = "<group>";
		};
/* End PBXGroup section */

/* Begin PBXNativeTarget section */
		6E4E513C2D39B1A70071A310 /* FinanceApp */ = {
			isa = PBXNativeTarget;
			buildConfigurationList = 6E4E514C2D39B1AE0071A310 /* Build configuration list for PBXNativeTarget "FinanceApp" */;
			buildPhases = (
				6E4E51392D39B1A70071A310 /* Sources */,
				6E4E513A2D39B1A70071A310 /* Frameworks */,
				6E4E513B2D39B1A70071A310 /* Resources */,
			);
			buildRules = (
			);
			dependencies = (
			);
			name = FinanceApp;
			productName = FinanceApp;
			productReference = 6E4E513D2D39B1A70071A310 /* FinanceApp.app */;
			productType = "com.apple.product-type.application";
		};
/* End PBXNativeTarget section */

/* Begin PBXProject section */
		6E4E51352D39B1A70071A310 /* Project object */ = {
			isa = PBXProject;
			attributes = {
				BuildIndependentTargetsInParallel = 1;
				LastSwiftUpdateCheck = 1520;
				LastUpgradeCheck = 1520;
				TargetAttributes = {
					6E4E513C2D39B1A70071A310 = {
						CreatedOnToolsVersion = 15.2;
					};
				};
			};
			buildConfigurationList = 6E4E51382D39B1A70071A310 /* Build configuration list for PBXProject "FinanceApp" */;
			compatibilityVersion = "Xcode 14.0";
			developmentRegion = en;
			hasScannedForEncodings = 0;
			knownRegions = (
				en,
				Base,
			);
			mainGroup = 6E4E51342D39B1A70071A310;
			productRefGroup = 6E4E513E2D39B1A70071A310 /* Products */;
			projectDirPath = "";
			projectRoot = "";
			targets = (
				6E4E513C2D39B1A70071A310 /* FinanceApp */,
			);
		};
/* End PBXProject section */

/* Begin PBXResourcesBuildPhase section */
		6E4E513B2D39B1A70071A310 /* Resources */ = {
			isa = PBXResourcesBuildPhase;
			buildActionMask = 2147483647;
			files = (
				6E4E51492D39B1AE0071A310 /* Preview Assets.xcassets in Resources */,
				6E4E51452D39B1AE0071A310 /* Assets.xcassets in Resources */,
			);
			runOnlyForDeploymentPostprocessing = 0;
		};
/* End PBXResourcesBuildPhase section */

/* Begin PBXSourcesBuildPhase section */
		6E4E51392D39B1A70071A310 /* Sources */ = {
			isa = PBXSourcesBuildPhase;
			buildActionMask = 2147483647;
			files = (
				6E3CFA632D3A187B00C7FF87 /* CreditScoreViewModel.swift in Sources */,
				6E9DC58F2D3A0EE5002623C6 /* CreditScoreView.swift in Sources */,
				6E9FD3CE2D3A62DA008994D3 /* CreditScore.swift in Sources */,
				6E4E51432D39B1A70071A310 /* ContentView.swift in Sources */,
				6E9205A92D3B6CED009371B0 /* CreditScoreWidgetView.swift in Sources */,
				6EC725D62D3A894D00D780C1 /* SidebarItem.swift in Sources */,
				6E9205AC2D3B8139009371B0 /* SemicircleShape.swift in Sources */,
				6EC725D82D3A8D9300D780C1 /* HomeView.swift in Sources */,
				6E4E51412D39B1A70071A310 /* FinanceAppApp.swift in Sources */,
				6E9205A72D3B66A6009371B0 /* DashboardWidget.swift in Sources */,
				6E9FD3D22D3A6372008994D3 /* CreditScoreCalculator.swift in Sources */,
			);
			runOnlyForDeploymentPostprocessing = 0;
		};
/* End PBXSourcesBuildPhase section */

/* Begin XCBuildConfiguration section */
		6E4E514A2D39B1AE0071A310 /* Debug */ = {
			isa = XCBuildConfiguration;
			buildSettings = {
				ALWAYS_SEARCH_USER_PATHS = NO;
				ASSETCATALOG_COMPILER_GENERATE_SWIFT_ASSET_SYMBOL_EXTENSIONS = YES;
				CLANG_ANALYZER_NONNULL = YES;
				CLANG_ANALYZER_NUMBER_OBJECT_CONVERSION = YES_AGGRESSIVE;
				CLANG_CXX_LANGUAGE_STANDARD = "gnu++20";
				CLANG_ENABLE_MODULES = YES;
				CLANG_ENABLE_OBJC_ARC = YES;
				CLANG_ENABLE_OBJC_WEAK = YES;
				CLANG_WARN_BLOCK_CAPTURE_AUTORELEASING = YES;
				CLANG_WARN_BOOL_CONVERSION = YES;
				CLANG_WARN_COMMA = YES;
				CLANG_WARN_CONSTANT_CONVERSION = YES;
				CLANG_WARN_DEPRECATED_OBJC_IMPLEMENTATIONS = YES;
				CLANG_WARN_DIRECT_OBJC_ISA_USAGE = YES_ERROR;
				CLANG_WARN_DOCUMENTATION_COMMENTS = YES;
				CLANG_WARN_EMPTY_BODY = YES;
				CLANG_WARN_ENUM_CONVERSION = YES;
				CLANG_WARN_INFINITE_RECURSION = YES;
				CLANG_WARN_INT_CONVERSION = YES;
				CLANG_WARN_NON_LITERAL_NULL_CONVERSION = YES;
				CLANG_WARN_OBJC_IMPLICIT_RETAIN_SELF = YES;
				CLANG_WARN_OBJC_LITERAL_CONVERSION = YES;
				CLANG_WARN_OBJC_ROOT_CLASS = YES_ERROR;
				CLANG_WARN_QUOTED_INCLUDE_IN_FRAMEWORK_HEADER = YES;
				CLANG_WARN_RANGE_LOOP_ANALYSIS = YES;
				CLANG_WARN_STRICT_PROTOTYPES = YES;
				CLANG_WARN_SUSPICIOUS_MOVE = YES;
				CLANG_WARN_UNGUARDED_AVAILABILITY = YES_AGGRESSIVE;
				CLANG_WARN_UNREACHABLE_CODE = YES;
				CLANG_WARN__DUPLICATE_METHOD_MATCH = YES;
				COPY_PHASE_STRIP = NO;
				DEBUG_INFORMATION_FORMAT = dwarf;
				ENABLE_STRICT_OBJC_MSGSEND = YES;
				ENABLE_TESTABILITY = YES;
				ENABLE_USER_SCRIPT_SANDBOXING = YES;
				GCC_C_LANGUAGE_STANDARD = gnu17;
				GCC_DYNAMIC_NO_PIC = NO;
				GCC_NO_COMMON_BLOCKS = YES;
				GCC_OPTIMIZATION_LEVEL = 0;
				GCC_PREPROCESSOR_DEFINITIONS = (
					"DEBUG=1",
					"$(inherited)",
				);
				GCC_WARN_64_TO_32_BIT_CONVERSION = YES;
				GCC_WARN_ABOUT_RETURN_TYPE = YES_ERROR;
				GCC_WARN_UNDECLARED_SELECTOR = YES;
				GCC_WARN_UNINITIALIZED_AUTOS = YES_AGGRESSIVE;
				GCC_WARN_UNUSED_FUNCTION = YES;
				GCC_WARN_UNUSED_VARIABLE = YES;
				LOCALIZATION_PREFERS_STRING_CATALOGS = YES;
				MTL_ENABLE_DEBUG_INFO = INCLUDE_SOURCE;
				MTL_FAST_MATH = YES;
				ONLY_ACTIVE_ARCH = YES;
				SWIFT_ACTIVE_COMPILATION_CONDITIONS = "DEBUG $(inherited)";
				SWIFT_OPTIMIZATION_LEVEL = "-Onone";
			};
			name = Debug;
		};
		6E4E514B2D39B1AE0071A310 /* Release */ = {
			isa = XCBuildConfiguration;
			buildSettings = {
				ALWAYS_SEARCH_USER_PATHS = NO;
				ASSETCATALOG_COMPILER_GENERATE_SWIFT_ASSET_SYMBOL_EXTENSIONS = YES;
				CLANG_ANALYZER_NONNULL = YES;
				CLANG_ANALYZER_NUMBER_OBJECT_CONVERSION = YES_AGGRESSIVE;
				CLANG_CXX_LANGUAGE_STANDARD = "gnu++20";
				CLANG_ENABLE_MODULES = YES;
				CLANG_ENABLE_OBJC_ARC = YES;
				CLANG_ENABLE_OBJC_WEAK = YES;
				CLANG_WARN_BLOCK_CAPTURE_AUTORELEASING = YES;
				CLANG_WARN_BOOL_CONVERSION = YES;
				CLANG_WARN_COMMA = YES;
				CLANG_WARN_CONSTANT_CONVERSION = YES;
				CLANG_WARN_DEPRECATED_OBJC_IMPLEMENTATIONS = YES;
				CLANG_WARN_DIRECT_OBJC_ISA_USAGE = YES_ERROR;
				CLANG_WARN_DOCUMENTATION_COMMENTS = YES;
				CLANG_WARN_EMPTY_BODY = YES;
				CLANG_WARN_ENUM_CONVERSION = YES;
				CLANG_WARN_INFINITE_RECURSION = YES;
				CLANG_WARN_INT_CONVERSION = YES;
				CLANG_WARN_NON_LITERAL_NULL_CONVERSION = YES;
				CLANG_WARN_OBJC_IMPLICIT_RETAIN_SELF = YES;
				CLANG_WARN_OBJC_LITERAL_CONVERSION = YES;
				CLANG_WARN_OBJC_ROOT_CLASS = YES_ERROR;
				CLANG_WARN_QUOTED_INCLUDE_IN_FRAMEWORK_HEADER = YES;
				CLANG_WARN_RANGE_LOOP_ANALYSIS = YES;
				CLANG_WARN_STRICT_PROTOTYPES = YES;
				CLANG_WARN_SUSPICIOUS_MOVE = YES;
				CLANG_WARN_UNGUARDED_AVAILABILITY = YES_AGGRESSIVE;
				CLANG_WARN_UNREACHABLE_CODE = YES;
				CLANG_WARN__DUPLICATE_METHOD_MATCH = YES;
				COPY_PHASE_STRIP = NO;
				DEBUG_INFORMATION_FORMAT = "dwarf-with-dsym";
				ENABLE_NS_ASSERTIONS = NO;
				ENABLE_STRICT_OBJC_MSGSEND = YES;
				ENABLE_USER_SCRIPT_SANDBOXING = YES;
				GCC_C_LANGUAGE_STANDARD = gnu17;
				GCC_NO_COMMON_BLOCKS = YES;
				GCC_WARN_64_TO_32_BIT_CONVERSION = YES;
				GCC_WARN_ABOUT_RETURN_TYPE = YES_ERROR;
				GCC_WARN_UNDECLARED_SELECTOR = YES;
				GCC_WARN_UNINITIALIZED_AUTOS = YES_AGGRESSIVE;
				GCC_WARN_UNUSED_FUNCTION = YES;
				GCC_WARN_UNUSED_VARIABLE = YES;
				LOCALIZATION_PREFERS_STRING_CATALOGS = YES;
				MTL_ENABLE_DEBUG_INFO = NO;
				MTL_FAST_MATH = YES;
				SWIFT_COMPILATION_MODE = wholemodule;
			};
			name = Release;
		};
		6E4E514D2D39B1AE0071A310 /* Debug */ = {
			isa = XCBuildConfiguration;
			buildSettings = {
				ASSETCATALOG_COMPILER_APPICON_NAME = AppIcon;
				ASSETCATALOG_COMPILER_GLOBAL_ACCENT_COLOR_NAME = AccentColor;
				CODE_SIGN_ENTITLEMENTS = FinanceApp/FinanceApp.entitlements;
				CODE_SIGN_STYLE = Automatic;
				CURRENT_PROJECT_VERSION = 1;
				DEVELOPMENT_ASSET_PATHS = "\"FinanceApp/Preview Content\"";
				ENABLE_PREVIEWS = YES;
				GENERATE_INFOPLIST_FILE = YES;
				"INFOPLIST_KEY_UIApplicationSceneManifest_Generation[sdk=iphoneos*]" = YES;
				"INFOPLIST_KEY_UIApplicationSceneManifest_Generation[sdk=iphonesimulator*]" = YES;
				"INFOPLIST_KEY_UIApplicationSupportsIndirectInputEvents[sdk=iphoneos*]" = YES;
				"INFOPLIST_KEY_UIApplicationSupportsIndirectInputEvents[sdk=iphonesimulator*]" = YES;
				"INFOPLIST_KEY_UILaunchScreen_Generation[sdk=iphoneos*]" = YES;
				"INFOPLIST_KEY_UILaunchScreen_Generation[sdk=iphonesimulator*]" = YES;
				"INFOPLIST_KEY_UIStatusBarStyle[sdk=iphoneos*]" = UIStatusBarStyleDefault;
				"INFOPLIST_KEY_UIStatusBarStyle[sdk=iphonesimulator*]" = UIStatusBarStyleDefault;
				INFOPLIST_KEY_UISupportedInterfaceOrientations_iPad = "UIInterfaceOrientationPortrait UIInterfaceOrientationPortraitUpsideDown UIInterfaceOrientationLandscapeLeft UIInterfaceOrientationLandscapeRight";
				INFOPLIST_KEY_UISupportedInterfaceOrientations_iPhone = "UIInterfaceOrientationPortrait UIInterfaceOrientationLandscapeLeft UIInterfaceOrientationLandscapeRight";
				IPHONEOS_DEPLOYMENT_TARGET = 17.2;
				LD_RUNPATH_SEARCH_PATHS = "@executable_path/Frameworks";
				"LD_RUNPATH_SEARCH_PATHS[sdk=macosx*]" = "@executable_path/../Frameworks";
				MACOSX_DEPLOYMENT_TARGET = 13.6;
				MARKETING_VERSION = 1.0;
				PRODUCT_BUNDLE_IDENTIFIER = saulsaavedra.FinanceApp;
				PRODUCT_NAME = "$(TARGET_NAME)";
				SDKROOT = auto;
				SUPPORTED_PLATFORMS = "iphoneos iphonesimulator macosx";
				SWIFT_EMIT_LOC_STRINGS = YES;
				SWIFT_VERSION = 5.0;
				TARGETED_DEVICE_FAMILY = "1,2";
			};
			name = Debug;
		};
		6E4E514E2D39B1AE0071A310 /* Release */ = {
			isa = XCBuildConfiguration;
			buildSettings = {
				ASSETCATALOG_COMPILER_APPICON_NAME = AppIcon;
				ASSETCATALOG_COMPILER_GLOBAL_ACCENT_COLOR_NAME = AccentColor;
				CODE_SIGN_ENTITLEMENTS = FinanceApp/FinanceApp.entitlements;
				CODE_SIGN_STYLE = Automatic;
				CURRENT_PROJECT_VERSION = 1;
				DEVELOPMENT_ASSET_PATHS = "\"FinanceApp/Preview Content\"";
				ENABLE_PREVIEWS = YES;
				GENERATE_INFOPLIST_FILE = YES;
				"INFOPLIST_KEY_UIApplicationSceneManifest_Generation[sdk=iphoneos*]" = YES;
				"INFOPLIST_KEY_UIApplicationSceneManifest_Generation[sdk=iphonesimulator*]" = YES;
				"INFOPLIST_KEY_UIApplicationSupportsIndirectInputEvents[sdk=iphoneos*]" = YES;
				"INFOPLIST_KEY_UIApplicationSupportsIndirectInputEvents[sdk=iphonesimulator*]" = YES;
				"INFOPLIST_KEY_UILaunchScreen_Generation[sdk=iphoneos*]" = YES;
				"INFOPLIST_KEY_UILaunchScreen_Generation[sdk=iphonesimulator*]" = YES;
				"INFOPLIST_KEY_UIStatusBarStyle[sdk=iphoneos*]" = UIStatusBarStyleDefault;
				"INFOPLIST_KEY_UIStatusBarStyle[sdk=iphonesimulator*]" = UIStatusBarStyleDefault;
				INFOPLIST_KEY_UISupportedInterfaceOrientations_iPad = "UIInterfaceOrientationPortrait UIInterfaceOrientationPortraitUpsideDown UIInterfaceOrientationLandscapeLeft UIInterfaceOrientationLandscapeRight";
				INFOPLIST_KEY_UISupportedInterfaceOrientations_iPhone = "UIInterfaceOrientationPortrait UIInterfaceOrientationLandscapeLeft UIInterfaceOrientationLandscapeRight";
				IPHONEOS_DEPLOYMENT_TARGET = 17.2;
				LD_RUNPATH_SEARCH_PATHS = "@executable_path/Frameworks";
				"LD_RUNPATH_SEARCH_PATHS[sdk=macosx*]" = "@executable_path/../Frameworks";
				MACOSX_DEPLOYMENT_TARGET = 13.6;
				MARKETING_VERSION = 1.0;
				PRODUCT_BUNDLE_IDENTIFIER = saulsaavedra.FinanceApp;
				PRODUCT_NAME = "$(TARGET_NAME)";
				SDKROOT = auto;
				SUPPORTED_PLATFORMS = "iphoneos iphonesimulator macosx";
				SWIFT_EMIT_LOC_STRINGS = YES;
				SWIFT_VERSION = 5.0;
				TARGETED_DEVICE_FAMILY = "1,2";
			};
			name = Release;
		};
/* End XCBuildConfiguration section */

/* Begin XCConfigurationList section */
		6E4E51382D39B1A70071A310 /* Build configuration list for PBXProject "FinanceApp" */ = {
			isa = XCConfigurationList;
			buildConfigurations = (
				6E4E514A2D39B1AE0071A310 /* Debug */,
				6E4E514B2D39B1AE0071A310 /* Release */,
			);
			defaultConfigurationIsVisible = 0;
			defaultConfigurationName = Release;
		};
		6E4E514C2D39B1AE0071A310 /* Build configuration list for PBXNativeTarget "FinanceApp" */ = {
			isa = XCConfigurationList;
			buildConfigurations = (
				6E4E514D2D39B1AE0071A310 /* Debug */,
				6E4E514E2D39B1AE0071A310 /* Release */,
			);
			defaultConfigurationIsVisible = 0;
			defaultConfigurationName = Release;
		};
/* End XCConfigurationList section */
	};
	rootObject = 6E4E51352D39B1A70071A310 /* Project object */;
}
